
Microsoft Visual Studio Solution File, Format Version 12.00
# Visual Studio Version 17
VisualStudioVersion = 17.13.35931.197 d17.13
MinimumVisualStudioVersion = 10.0.40219.1
Project("{FAE04EC0-301F-11D3-BF4B-00C04F79EFBC}") = "factorial", "factorial.csproj", "{60EABD6A-79F6-4D39-B84E-5C0E92B96EFF}"
EndProject
Global
	GlobalSection(SolutionConfigurationPlatforms) = preSolution
		Debug|Any CPU = Debug|Any CPU
		Release|Any CPU = Release|Any CPU
	EndGlobalSection
	GlobalSection(ProjectConfigurationPlatforms) = postSolution
		{60EABD6A-79F6-4D39-B84E-5C0E92B96EFF}.Debug|Any CPU.ActiveCfg = Debug|Any CPU
		{60EABD6A-79F6-4D39-B84E-5C0E92B96EFF}.Debug|Any CPU.Build.0 = Debug|Any CPU
		{60EABD6A-79F6-4D39-B84E-5C0E92B96EFF}.Release|Any CPU.ActiveCfg = Release|Any CPU
		{60EABD6A-79F6-4D39-B84E-5C0E92B96EFF}.Release|Any CPU.Build.0 = Release|Any CPU
	EndGlobalSection
	GlobalSection(SolutionProperties) = preSolution
		HideSolutionNode = FALSE
	EndGlobalSection
	GlobalSection(ExtensibilityGlobals) = postSolution
		SolutionGuid = {86AECBD3-3B18-4EAE-8AD2-FFEFCE160F0D}
	EndGlobalSection
EndGlobal
